{
  "requires": true,
  "lockfileVersion": 1,
  "dependencies": {
    "lightpick": {
      "version": "1.6.2",
      "resolved": "https://registry.npmjs.org/lightpick/-/lightpick-1.6.2.tgz",
      "integrity": "sha512-xQmKL6pvtKnLGI8sOgclgc/k6G8FvyjdfQy4nOm0iywD44gkER0ia7SR9cthdUIkkcDBFNHH8SfbPQJ33QF8fQ==",
      "requires": {
        "moment": "^2.22.2"
      }
    },
    "moment": {
      "version": "2.27.0",
      "resolved": "https://registry.npmjs.org/moment/-/moment-2.27.0.tgz",
      "integrity": "sha512-al0MUK7cpIcglMv3YF13qSgdAIqxHTO7brRtaz3DlSULbqfazqkc5kEjNrLDOM7fsjshoFIihnU8snrP7zUvhQ=="
    }
  }
}
